// !$*UTF8*$!
{
	archiveVersion = 1;
	classes = {
	};
	objectVersion = 55;
	objects = {

/* Begin PBXBuildFile section */
		6DF75806287E9DA300C8E111 /* CurrentWind.swift in Sources */ = {isa = PBXBuildFile; fileRef = 6DF75805287E9DA300C8E111 /* CurrentWind.swift */; };
		6DF75808287E9DCD00C8E111 /* CurrentWindGust.swift in Sources */ = {isa = PBXBuildFile; fileRef = 6DF75807287E9DCD00C8E111 /* CurrentWindGust.swift */; };
		6DF7580B287EA04500C8E111 /* CurrentWeatherViewController.swift in Sources */ = {isa = PBXBuildFile; fileRef = 6DF75809287EA04500C8E111 /* CurrentWeatherViewController.swift */; };
		6DFD165A287B21080001B884 /* AppDelegate.swift in Sources */ = {isa = PBXBuildFile; fileRef = 6DFD1659287B21080001B884 /* AppDelegate.swift */; };
		6DFD165C287B21080001B884 /* SceneDelegate.swift in Sources */ = {isa = PBXBuildFile; fileRef = 6DFD165B287B21080001B884 /* SceneDelegate.swift */; };
		6DFD165E287B21080001B884 /* ForecastSummaryViewController.swift in Sources */ = {isa = PBXBuildFile; fileRef = 6DFD165D287B21080001B884 /* ForecastSummaryViewController.swift */; };
		6DFD1661287B21080001B884 /* Main.storyboard in Resources */ = {isa = PBXBuildFile; fileRef = 6DFD165F287B21080001B884 /* Main.storyboard */; };
		6DFD1664287B21080001B884 /* WeatherCourseWork.xcdatamodeld in Sources */ = {isa = PBXBuildFile; fileRef = 6DFD1662287B21080001B884 /* WeatherCourseWork.xcdatamodeld */; };
		6DFD1666287B21080001B884 /* Assets.xcassets in Resources */ = {isa = PBXBuildFile; fileRef = 6DFD1665287B21080001B884 /* Assets.xcassets */; };
		6DFD1669287B21080001B884 /* LaunchScreen.storyboard in Resources */ = {isa = PBXBuildFile; fileRef = 6DFD1667287B21080001B884 /* LaunchScreen.storyboard */; };
		6DFD1674287B21090001B884 /* WeatherCourseWorkTests.swift in Sources */ = {isa = PBXBuildFile; fileRef = 6DFD1673287B21090001B884 /* WeatherCourseWorkTests.swift */; };
		6DFD168E287BC9FF0001B884 /* WeatherSource.swift in Sources */ = {isa = PBXBuildFile; fileRef = 6DFD168D287BC9FF0001B884 /* WeatherSource.swift */; };
		6DFD1698287BD4270001B884 /* WeatherSourceError.swift in Sources */ = {isa = PBXBuildFile; fileRef = 6DFD1697287BD4270001B884 /* WeatherSourceError.swift */; };
		6DFD169C287BDAAF0001B884 /* Location.swift in Sources */ = {isa = PBXBuildFile; fileRef = 6DFD169B287BDAAF0001B884 /* Location.swift */; };
		6DFD16A4287BDCDD0001B884 /* UIAlertController+infoAlert.swift in Sources */ = {isa = PBXBuildFile; fileRef = 6DFD16A3287BDCDD0001B884 /* UIAlertController+infoAlert.swift */; };
		6DFD16CA287D05AC0001B884 /* Value.swift in Sources */ = {isa = PBXBuildFile; fileRef = 6DFD16BA287D05AC0001B884 /* Value.swift */; };
		6DFD16CB287D05AC0001B884 /* Moon.swift in Sources */ = {isa = PBXBuildFile; fileRef = 6DFD16BB287D05AC0001B884 /* Moon.swift */; };
		6DFD16CC287D05AC0001B884 /* DailyForecastElement.swift in Sources */ = {isa = PBXBuildFile; fileRef = 6DFD16BC287D05AC0001B884 /* DailyForecastElement.swift */; };
		6DFD16CE287D05AC0001B884 /* Headline.swift in Sources */ = {isa = PBXBuildFile; fileRef = 6DFD16BE287D05AC0001B884 /* Headline.swift */; };
		6DFD16CF287D05AC0001B884 /* Wind.swift in Sources */ = {isa = PBXBuildFile; fileRef = 6DFD16BF287D05AC0001B884 /* Wind.swift */; };
		6DFD16D0287D05AC0001B884 /* Sun.swift in Sources */ = {isa = PBXBuildFile; fileRef = 6DFD16C0287D05AC0001B884 /* Sun.swift */; };
		6DFD16D2287D05AC0001B884 /* Forecast.swift in Sources */ = {isa = PBXBuildFile; fileRef = 6DFD16C2287D05AC0001B884 /* Forecast.swift */; };
		6DFD16D4287D05AC0001B884 /* AirAndPollen.swift in Sources */ = {isa = PBXBuildFile; fileRef = 6DFD16C4287D05AC0001B884 /* AirAndPollen.swift */; };
		6DFD16D6287D05AC0001B884 /* DegreeDaySummary.swift in Sources */ = {isa = PBXBuildFile; fileRef = 6DFD16C6287D05AC0001B884 /* DegreeDaySummary.swift */; };
		6DFD16D7287D05AC0001B884 /* Direction.swift in Sources */ = {isa = PBXBuildFile; fileRef = 6DFD16C7287D05AC0001B884 /* Direction.swift */; };
		6DFD16D8287D05AC0001B884 /* Temperature.swift in Sources */ = {isa = PBXBuildFile; fileRef = 6DFD16C8287D05AC0001B884 /* Temperature.swift */; };
		6DFD16D9287D05AC0001B884 /* DailyForecast.swift in Sources */ = {isa = PBXBuildFile; fileRef = 6DFD16C9287D05AC0001B884 /* DailyForecast.swift */; };
		6DFD16DC287D08FF0001B884 /* ForecastSummaryViewController+tableView.swift in Sources */ = {isa = PBXBuildFile; fileRef = 6DFD16DB287D08FF0001B884 /* ForecastSummaryViewController+tableView.swift */; };
		6DFD16E1287D096B0001B884 /* DailyForecastTableViewCell.swift in Sources */ = {isa = PBXBuildFile; fileRef = 6DFD16DF287D096B0001B884 /* DailyForecastTableViewCell.swift */; };
		6DFD16E2287D096B0001B884 /* DailyForecastTableViewCell.xib in Resources */ = {isa = PBXBuildFile; fileRef = 6DFD16E0287D096B0001B884 /* DailyForecastTableViewCell.xib */; };
		6DFD16F8287D2DC10001B884 /* HourlyForecastElement.swift in Sources */ = {isa = PBXBuildFile; fileRef = 6DFD16F7287D2DC10001B884 /* HourlyForecastElement.swift */; };
		6DFD16FC287D2ED50001B884 /* WindGust.swift in Sources */ = {isa = PBXBuildFile; fileRef = 6DFD16FB287D2ED50001B884 /* WindGust.swift */; };
		6DFD16FE287D347D0001B884 /* UIViewController+showError.swift in Sources */ = {isa = PBXBuildFile; fileRef = 6DFD16FD287D347D0001B884 /* UIViewController+showError.swift */; };
		6DFD1700287D5A320001B884 /* ForecastSummaryViewController+collectionView.swift in Sources */ = {isa = PBXBuildFile; fileRef = 6DFD16FF287D5A320001B884 /* ForecastSummaryViewController+collectionView.swift */; };
		6DFD1703287D5B550001B884 /* HourForecastCollectionViewCell.swift in Sources */ = {isa = PBXBuildFile; fileRef = 6DFD1701287D5B550001B884 /* HourForecastCollectionViewCell.swift */; };
		6DFD1704287D5B550001B884 /* HourForecastCollectionViewCell.xib in Resources */ = {isa = PBXBuildFile; fileRef = 6DFD1702287D5B550001B884 /* HourForecastCollectionViewCell.xib */; };
		6DFD1706287E8BC20001B884 /* ApparentTemperature.swift in Sources */ = {isa = PBXBuildFile; fileRef = 6DFD1705287E8BC20001B884 /* ApparentTemperature.swift */; };
		6DFD1708287E8BCC0001B884 /* CurrentCondition.swift in Sources */ = {isa = PBXBuildFile; fileRef = 6DFD1707287E8BCC0001B884 /* CurrentCondition.swift */; };
		6DFD170A287E8BDE0001B884 /* JSONSchemaSupport.swift in Sources */ = {isa = PBXBuildFile; fileRef = 6DFD1709287E8BDE0001B884 /* JSONSchemaSupport.swift */; };
		6DFD170C287E8BEA0001B884 /* PastHourRange.swift in Sources */ = {isa = PBXBuildFile; fileRef = 6DFD170B287E8BEA0001B884 /* PastHourRange.swift */; };
		6DFD170E287E8BF80001B884 /* PressureTendency.swift in Sources */ = {isa = PBXBuildFile; fileRef = 6DFD170D287E8BF80001B884 /* PressureTendency.swift */; };
		6DFD1710287E8C030001B884 /* TemperatureSummary.swift in Sources */ = {isa = PBXBuildFile; fileRef = 6DFD170F287E8C030001B884 /* TemperatureSummary.swift */; };
/* End PBXBuildFile section */

/* Begin PBXContainerItemProxy section */
		6DFD1670287B21090001B884 /* PBXContainerItemProxy */ = {
			isa = PBXContainerItemProxy;
			containerPortal = 6DFD164E287B21080001B884 /* Project object */;
			proxyType = 1;
			remoteGlobalIDString = 6DFD1655287B21080001B884;
			remoteInfo = WeatherCourseWork;
		};
/* End PBXContainerItemProxy section */

/* Begin PBXFileReference section */
		6DF75805287E9DA300C8E111 /* CurrentWind.swift */ = {isa = PBXFileReference; lastKnownFileType = sourcecode.swift; path = CurrentWind.swift; sourceTree = "<group>"; };
		6DF75807287E9DCD00C8E111 /* CurrentWindGust.swift */ = {isa = PBXFileReference; lastKnownFileType = sourcecode.swift; path = CurrentWindGust.swift; sourceTree = "<group>"; };
		6DF75809287EA04500C8E111 /* CurrentWeatherViewController.swift */ = {isa = PBXFileReference; lastKnownFileType = sourcecode.swift; path = CurrentWeatherViewController.swift; sourceTree = "<group>"; };
		6DFD1656287B21080001B884 /* WeatherCourseWork.app */ = {isa = PBXFileReference; explicitFileType = wrapper.application; includeInIndex = 0; path = WeatherCourseWork.app; sourceTree = BUILT_PRODUCTS_DIR; };
		6DFD1659287B21080001B884 /* AppDelegate.swift */ = {isa = PBXFileReference; lastKnownFileType = sourcecode.swift; path = AppDelegate.swift; sourceTree = "<group>"; };
		6DFD165B287B21080001B884 /* SceneDelegate.swift */ = {isa = PBXFileReference; lastKnownFileType = sourcecode.swift; path = SceneDelegate.swift; sourceTree = "<group>"; };
		6DFD165D287B21080001B884 /* ForecastSummaryViewController.swift */ = {isa = PBXFileReference; lastKnownFileType = sourcecode.swift; path = ForecastSummaryViewController.swift; sourceTree = "<group>"; };
		6DFD1660287B21080001B884 /* Base */ = {isa = PBXFileReference; lastKnownFileType = file.storyboard; name = Base; path = Base.lproj/Main.storyboard; sourceTree = "<group>"; };
		6DFD1663287B21080001B884 /* WeatherCourseWork.xcdatamodel */ = {isa = PBXFileReference; lastKnownFileType = wrapper.xcdatamodel; path = WeatherCourseWork.xcdatamodel; sourceTree = "<group>"; };
		6DFD1665287B21080001B884 /* Assets.xcassets */ = {isa = PBXFileReference; lastKnownFileType = folder.assetcatalog; path = Assets.xcassets; sourceTree = "<group>"; };
		6DFD1668287B21080001B884 /* Base */ = {isa = PBXFileReference; lastKnownFileType = file.storyboard; name = Base; path = Base.lproj/LaunchScreen.storyboard; sourceTree = "<group>"; };
		6DFD166A287B21080001B884 /* Info.plist */ = {isa = PBXFileReference; lastKnownFileType = text.plist.xml; path = Info.plist; sourceTree = "<group>"; };
		6DFD166F287B21090001B884 /* WeatherCourseWorkTests.xctest */ = {isa = PBXFileReference; explicitFileType = wrapper.cfbundle; includeInIndex = 0; path = WeatherCourseWorkTests.xctest; sourceTree = BUILT_PRODUCTS_DIR; };
		6DFD1673287B21090001B884 /* WeatherCourseWorkTests.swift */ = {isa = PBXFileReference; lastKnownFileType = sourcecode.swift; path = WeatherCourseWorkTests.swift; sourceTree = "<group>"; };
		6DFD168D287BC9FF0001B884 /* WeatherSource.swift */ = {isa = PBXFileReference; lastKnownFileType = sourcecode.swift; path = WeatherSource.swift; sourceTree = "<group>"; };
		6DFD1697287BD4270001B884 /* WeatherSourceError.swift */ = {isa = PBXFileReference; lastKnownFileType = sourcecode.swift; path = WeatherSourceError.swift; sourceTree = "<group>"; };
		6DFD169B287BDAAF0001B884 /* Location.swift */ = {isa = PBXFileReference; lastKnownFileType = sourcecode.swift; path = Location.swift; sourceTree = "<group>"; };
		6DFD16A3287BDCDD0001B884 /* UIAlertController+infoAlert.swift */ = {isa = PBXFileReference; fileEncoding = 4; lastKnownFileType = sourcecode.swift; path = "UIAlertController+infoAlert.swift"; sourceTree = "<group>"; };
		6DFD16BA287D05AC0001B884 /* Value.swift */ = {isa = PBXFileReference; fileEncoding = 4; lastKnownFileType = sourcecode.swift; path = Value.swift; sourceTree = "<group>"; };
		6DFD16BB287D05AC0001B884 /* Moon.swift */ = {isa = PBXFileReference; fileEncoding = 4; lastKnownFileType = sourcecode.swift; path = Moon.swift; sourceTree = "<group>"; };
		6DFD16BC287D05AC0001B884 /* DailyForecastElement.swift */ = {isa = PBXFileReference; fileEncoding = 4; lastKnownFileType = sourcecode.swift; path = DailyForecastElement.swift; sourceTree = "<group>"; };
		6DFD16BE287D05AC0001B884 /* Headline.swift */ = {isa = PBXFileReference; fileEncoding = 4; lastKnownFileType = sourcecode.swift; path = Headline.swift; sourceTree = "<group>"; };
		6DFD16BF287D05AC0001B884 /* Wind.swift */ = {isa = PBXFileReference; fileEncoding = 4; lastKnownFileType = sourcecode.swift; path = Wind.swift; sourceTree = "<group>"; };
		6DFD16C0287D05AC0001B884 /* Sun.swift */ = {isa = PBXFileReference; fileEncoding = 4; lastKnownFileType = sourcecode.swift; path = Sun.swift; sourceTree = "<group>"; };
		6DFD16C2287D05AC0001B884 /* Forecast.swift */ = {isa = PBXFileReference; fileEncoding = 4; lastKnownFileType = sourcecode.swift; path = Forecast.swift; sourceTree = "<group>"; };
		6DFD16C4287D05AC0001B884 /* AirAndPollen.swift */ = {isa = PBXFileReference; fileEncoding = 4; lastKnownFileType = sourcecode.swift; path = AirAndPollen.swift; sourceTree = "<group>"; };
		6DFD16C6287D05AC0001B884 /* DegreeDaySummary.swift */ = {isa = PBXFileReference; fileEncoding = 4; lastKnownFileType = sourcecode.swift; path = DegreeDaySummary.swift; sourceTree = "<group>"; };
		6DFD16C7287D05AC0001B884 /* Direction.swift */ = {isa = PBXFileReference; fileEncoding = 4; lastKnownFileType = sourcecode.swift; path = Direction.swift; sourceTree = "<group>"; };
		6DFD16C8287D05AC0001B884 /* Temperature.swift */ = {isa = PBXFileReference; fileEncoding = 4; lastKnownFileType = sourcecode.swift; path = Temperature.swift; sourceTree = "<group>"; };
		6DFD16C9287D05AC0001B884 /* DailyForecast.swift */ = {isa = PBXFileReference; fileEncoding = 4; lastKnownFileType = sourcecode.swift; path = DailyForecast.swift; sourceTree = "<group>"; };
		6DFD16DB287D08FF0001B884 /* ForecastSummaryViewController+tableView.swift */ = {isa = PBXFileReference; lastKnownFileType = sourcecode.swift; path = "ForecastSummaryViewController+tableView.swift"; sourceTree = "<group>"; };
		6DFD16DF287D096B0001B884 /* DailyForecastTableViewCell.swift */ = {isa = PBXFileReference; lastKnownFileType = sourcecode.swift; path = DailyForecastTableViewCell.swift; sourceTree = "<group>"; };
		6DFD16E0287D096B0001B884 /* DailyForecastTableViewCell.xib */ = {isa = PBXFileReference; lastKnownFileType = file.xib; path = DailyForecastTableViewCell.xib; sourceTree = "<group>"; };
		6DFD16F7287D2DC10001B884 /* HourlyForecastElement.swift */ = {isa = PBXFileReference; fileEncoding = 4; lastKnownFileType = sourcecode.swift; path = HourlyForecastElement.swift; sourceTree = "<group>"; };
		6DFD16FB287D2ED50001B884 /* WindGust.swift */ = {isa = PBXFileReference; fileEncoding = 4; lastKnownFileType = sourcecode.swift; path = WindGust.swift; sourceTree = "<group>"; };
		6DFD16FD287D347D0001B884 /* UIViewController+showError.swift */ = {isa = PBXFileReference; lastKnownFileType = sourcecode.swift; path = "UIViewController+showError.swift"; sourceTree = "<group>"; };
		6DFD16FF287D5A320001B884 /* ForecastSummaryViewController+collectionView.swift */ = {isa = PBXFileReference; lastKnownFileType = sourcecode.swift; path = "ForecastSummaryViewController+collectionView.swift"; sourceTree = "<group>"; };
		6DFD1701287D5B550001B884 /* HourForecastCollectionViewCell.swift */ = {isa = PBXFileReference; lastKnownFileType = sourcecode.swift; path = HourForecastCollectionViewCell.swift; sourceTree = "<group>"; };
		6DFD1702287D5B550001B884 /* HourForecastCollectionViewCell.xib */ = {isa = PBXFileReference; lastKnownFileType = file.xib; path = HourForecastCollectionViewCell.xib; sourceTree = "<group>"; };
		6DFD1705287E8BC20001B884 /* ApparentTemperature.swift */ = {isa = PBXFileReference; fileEncoding = 4; lastKnownFileType = sourcecode.swift; path = ApparentTemperature.swift; sourceTree = "<group>"; };
		6DFD1707287E8BCC0001B884 /* CurrentCondition.swift */ = {isa = PBXFileReference; fileEncoding = 4; lastKnownFileType = sourcecode.swift; path = CurrentCondition.swift; sourceTree = "<group>"; };
		6DFD1709287E8BDE0001B884 /* JSONSchemaSupport.swift */ = {isa = PBXFileReference; fileEncoding = 4; lastKnownFileType = sourcecode.swift; path = JSONSchemaSupport.swift; sourceTree = "<group>"; };
		6DFD170B287E8BEA0001B884 /* PastHourRange.swift */ = {isa = PBXFileReference; fileEncoding = 4; lastKnownFileType = sourcecode.swift; path = PastHourRange.swift; sourceTree = "<group>"; };
		6DFD170D287E8BF80001B884 /* PressureTendency.swift */ = {isa = PBXFileReference; fileEncoding = 4; lastKnownFileType = sourcecode.swift; path = PressureTendency.swift; sourceTree = "<group>"; };
		6DFD170F287E8C030001B884 /* TemperatureSummary.swift */ = {isa = PBXFileReference; fileEncoding = 4; lastKnownFileType = sourcecode.swift; path = TemperatureSummary.swift; sourceTree = "<group>"; };
/* End PBXFileReference section */

/* Begin PBXFrameworksBuildPhase section */
		6DFD1653287B21080001B884 /* Frameworks */ = {
			isa = PBXFrameworksBuildPhase;
			buildActionMask = 2147483647;
			files = (
			);
			runOnlyForDeploymentPostprocessing = 0;
		};
		6DFD166C287B21090001B884 /* Frameworks */ = {
			isa = PBXFrameworksBuildPhase;
			buildActionMask = 2147483647;
			files = (
			);
			runOnlyForDeploymentPostprocessing = 0;
		};
/* End PBXFrameworksBuildPhase section */

/* Begin PBXGroup section */
		6DF7580D287EA05500C8E111 /* CurrentWeatherViewController */ = {
			isa = PBXGroup;
			children = (
				6DF75809287EA04500C8E111 /* CurrentWeatherViewController.swift */,
			);
			path = CurrentWeatherViewController;
			sourceTree = "<group>";
		};
		6DFD164D287B21080001B884 = {
			isa = PBXGroup;
			children = (
				6DFD1658287B21080001B884 /* WeatherCourseWork */,
				6DFD1672287B21090001B884 /* WeatherCourseWorkTests */,
				6DFD1657287B21080001B884 /* Products */,
			);
			sourceTree = "<group>";
		};
		6DFD1657287B21080001B884 /* Products */ = {
			isa = PBXGroup;
			children = (
				6DFD1656287B21080001B884 /* WeatherCourseWork.app */,
				6DFD166F287B21090001B884 /* WeatherCourseWorkTests.xctest */,
			);
			name = Products;
			sourceTree = "<group>";
		};
		6DFD1658287B21080001B884 /* WeatherCourseWork */ = {
			isa = PBXGroup;
			children = (
				6DFD1659287B21080001B884 /* AppDelegate.swift */,
				6DFD165B287B21080001B884 /* SceneDelegate.swift */,
				6DFD16DA287D08F30001B884 /* ForecastSummaryViewController */,
				6DFD16A2287BDC3E0001B884 /* Location */,
				6DFD168C287BC9D90001B884 /* Network */,
				6DFD169F287BDBE60001B884 /* Extensions */,
				6DF7580D287EA05500C8E111 /* CurrentWeatherViewController */,
				6DFD165F287B21080001B884 /* Main.storyboard */,
				6DFD1665287B21080001B884 /* Assets.xcassets */,
				6DFD1667287B21080001B884 /* LaunchScreen.storyboard */,
				6DFD166A287B21080001B884 /* Info.plist */,
				6DFD1662287B21080001B884 /* WeatherCourseWork.xcdatamodeld */,
			);
			path = WeatherCourseWork;
			sourceTree = "<group>";
		};
		6DFD1672287B21090001B884 /* WeatherCourseWorkTests */ = {
			isa = PBXGroup;
			children = (
				6DFD1673287B21090001B884 /* WeatherCourseWorkTests.swift */,
			);
			path = WeatherCourseWorkTests;
			sourceTree = "<group>";
		};
		6DFD168C287BC9D90001B884 /* Network */ = {
			isa = PBXGroup;
			children = (
				6DFD168D287BC9FF0001B884 /* WeatherSource.swift */,
				6DFD1697287BD4270001B884 /* WeatherSourceError.swift */,
				6DFD16A9287C34E00001B884 /* Model */,
			);
			path = Network;
			sourceTree = "<group>";
		};
		6DFD169F287BDBE60001B884 /* Extensions */ = {
			isa = PBXGroup;
			children = (
				6DFD16A3287BDCDD0001B884 /* UIAlertController+infoAlert.swift */,
				6DFD16FD287D347D0001B884 /* UIViewController+showError.swift */,
			);
			path = Extensions;
			sourceTree = "<group>";
		};
		6DFD16A2287BDC3E0001B884 /* Location */ = {
			isa = PBXGroup;
			children = (
				6DFD169B287BDAAF0001B884 /* Location.swift */,
			);
			path = Location;
			sourceTree = "<group>";
		};
		6DFD16A9287C34E00001B884 /* Model */ = {
			isa = PBXGroup;
			children = (
				6DFD16C4287D05AC0001B884 /* AirAndPollen.swift */,
				6DFD16C9287D05AC0001B884 /* DailyForecast.swift */,
				6DFD16BC287D05AC0001B884 /* DailyForecastElement.swift */,
				6DFD16C2287D05AC0001B884 /* Forecast.swift */,
				6DFD16C6287D05AC0001B884 /* DegreeDaySummary.swift */,
				6DFD16C7287D05AC0001B884 /* Direction.swift */,
				6DFD16BA287D05AC0001B884 /* Value.swift */,
				6DFD16BE287D05AC0001B884 /* Headline.swift */,
				6DFD16BB287D05AC0001B884 /* Moon.swift */,
				6DFD16C8287D05AC0001B884 /* Temperature.swift */,
				6DFD16C0287D05AC0001B884 /* Sun.swift */,
				6DFD16BF287D05AC0001B884 /* Wind.swift */,
				6DF75805287E9DA300C8E111 /* CurrentWind.swift */,
				6DFD16F7287D2DC10001B884 /* HourlyForecastElement.swift */,
				6DFD16FB287D2ED50001B884 /* WindGust.swift */,
				6DF75807287E9DCD00C8E111 /* CurrentWindGust.swift */,
				6DFD1705287E8BC20001B884 /* ApparentTemperature.swift */,
				6DFD1707287E8BCC0001B884 /* CurrentCondition.swift */,
				6DFD1709287E8BDE0001B884 /* JSONSchemaSupport.swift */,
				6DFD170B287E8BEA0001B884 /* PastHourRange.swift */,
				6DFD170D287E8BF80001B884 /* PressureTendency.swift */,
				6DFD170F287E8C030001B884 /* TemperatureSummary.swift */,
			);
			path = Model;
			sourceTree = "<group>";
		};
		6DFD16DA287D08F30001B884 /* ForecastSummaryViewController */ = {
			isa = PBXGroup;
			children = (
				6DFD165D287B21080001B884 /* ForecastSummaryViewController.swift */,
				6DFD16DB287D08FF0001B884 /* ForecastSummaryViewController+tableView.swift */,
				6DFD16DF287D096B0001B884 /* DailyForecastTableViewCell.swift */,
				6DFD16E0287D096B0001B884 /* DailyForecastTableViewCell.xib */,
				6DFD16FF287D5A320001B884 /* ForecastSummaryViewController+collectionView.swift */,
				6DFD1701287D5B550001B884 /* HourForecastCollectionViewCell.swift */,
				6DFD1702287D5B550001B884 /* HourForecastCollectionViewCell.xib */,
			);
			path = ForecastSummaryViewController;
			sourceTree = "<group>";
		};
/* End PBXGroup section */

/* Begin PBXNativeTarget section */
		6DFD1655287B21080001B884 /* WeatherCourseWork */ = {
			isa = PBXNativeTarget;
			buildConfigurationList = 6DFD1683287B21090001B884 /* Build configuration list for PBXNativeTarget "WeatherCourseWork" */;
			buildPhases = (
				6DFD1652287B21080001B884 /* Sources */,
				6DFD1653287B21080001B884 /* Frameworks */,
				6DFD1654287B21080001B884 /* Resources */,
			);
			buildRules = (
			);
			dependencies = (
			);
			name = WeatherCourseWork;
			productName = WeatherCourseWork;
			productReference = 6DFD1656287B21080001B884 /* WeatherCourseWork.app */;
			productType = "com.apple.product-type.application";
		};
		6DFD166E287B21090001B884 /* WeatherCourseWorkTests */ = {
			isa = PBXNativeTarget;
			buildConfigurationList = 6DFD1686287B21090001B884 /* Build configuration list for PBXNativeTarget "WeatherCourseWorkTests" */;
			buildPhases = (
				6DFD166B287B21090001B884 /* Sources */,
				6DFD166C287B21090001B884 /* Frameworks */,
				6DFD166D287B21090001B884 /* Resources */,
			);
			buildRules = (
			);
			dependencies = (
				6DFD1671287B21090001B884 /* PBXTargetDependency */,
			);
			name = WeatherCourseWorkTests;
			productName = WeatherCourseWorkTests;
			productReference = 6DFD166F287B21090001B884 /* WeatherCourseWorkTests.xctest */;
			productType = "com.apple.product-type.bundle.unit-test";
		};
/* End PBXNativeTarget section */

/* Begin PBXProject section */
		6DFD164E287B21080001B884 /* Project object */ = {
			isa = PBXProject;
			attributes = {
				BuildIndependentTargetsInParallel = 1;
				LastSwiftUpdateCheck = 1330;
				LastUpgradeCheck = 1330;
				TargetAttributes = {
					6DFD1655287B21080001B884 = {
						CreatedOnToolsVersion = 13.3.1;
					};
					6DFD166E287B21090001B884 = {
						CreatedOnToolsVersion = 13.3.1;
						TestTargetID = 6DFD1655287B21080001B884;
					};
				};
			};
			buildConfigurationList = 6DFD1651287B21080001B884 /* Build configuration list for PBXProject "WeatherCourseWork" */;
			compatibilityVersion = "Xcode 13.0";
			developmentRegion = en;
			hasScannedForEncodings = 0;
			knownRegions = (
				en,
				Base,
			);
			mainGroup = 6DFD164D287B21080001B884;
			productRefGroup = 6DFD1657287B21080001B884 /* Products */;
			projectDirPath = "";
			projectRoot = "";
			targets = (
				6DFD1655287B21080001B884 /* WeatherCourseWork */,
				6DFD166E287B21090001B884 /* WeatherCourseWorkTests */,
			);
		};
/* End PBXProject section */

/* Begin PBXResourcesBuildPhase section */
		6DFD1654287B21080001B884 /* Resources */ = {
			isa = PBXResourcesBuildPhase;
			buildActionMask = 2147483647;
			files = (
				6DFD16E2287D096B0001B884 /* DailyForecastTableViewCell.xib in Resources */,
				6DFD1669287B21080001B884 /* LaunchScreen.storyboard in Resources */,
				6DFD1666287B21080001B884 /* Assets.xcassets in Resources */,
				6DFD1661287B21080001B884 /* Main.storyboard in Resources */,
				6DFD1704287D5B550001B884 /* HourForecastCollectionViewCell.xib in Resources */,
			);
			runOnlyForDeploymentPostprocessing = 0;
		};
		6DFD166D287B21090001B884 /* Resources */ = {
			isa = PBXResourcesBuildPhase;
			buildActionMask = 2147483647;
			files = (
			);
			runOnlyForDeploymentPostprocessing = 0;
		};
/* End PBXResourcesBuildPhase section */

/* Begin PBXSourcesBuildPhase section */
		6DFD1652287B21080001B884 /* Sources */ = {
			isa = PBXSourcesBuildPhase;
			buildActionMask = 2147483647;
			files = (
				6DFD170A287E8BDE0001B884 /* JSONSchemaSupport.swift in Sources */,
				6DFD170C287E8BEA0001B884 /* PastHourRange.swift in Sources */,
				6DFD16CB287D05AC0001B884 /* Moon.swift in Sources */,
				6DFD1706287E8BC20001B884 /* ApparentTemperature.swift in Sources */,
				6DFD170E287E8BF80001B884 /* PressureTendency.swift in Sources */,
				6DFD1698287BD4270001B884 /* WeatherSourceError.swift in Sources */,
				6DFD16A4287BDCDD0001B884 /* UIAlertController+infoAlert.swift in Sources */,
				6DFD16CE287D05AC0001B884 /* Headline.swift in Sources */,
				6DFD165E287B21080001B884 /* ForecastSummaryViewController.swift in Sources */,
				6DFD16D0287D05AC0001B884 /* Sun.swift in Sources */,
				6DFD16CC287D05AC0001B884 /* DailyForecastElement.swift in Sources */,
				6DFD16D9287D05AC0001B884 /* DailyForecast.swift in Sources */,
				6DFD16F8287D2DC10001B884 /* HourlyForecastElement.swift in Sources */,
				6DFD168E287BC9FF0001B884 /* WeatherSource.swift in Sources */,
				6DFD1710287E8C030001B884 /* TemperatureSummary.swift in Sources */,
				6DF75806287E9DA300C8E111 /* CurrentWind.swift in Sources */,
				6DFD165A287B21080001B884 /* AppDelegate.swift in Sources */,
				6DFD16DC287D08FF0001B884 /* ForecastSummaryViewController+tableView.swift in Sources */,
				6DFD16D6287D05AC0001B884 /* DegreeDaySummary.swift in Sources */,
				6DFD16CA287D05AC0001B884 /* Value.swift in Sources */,
				6DFD16D2287D05AC0001B884 /* Forecast.swift in Sources */,
				6DFD16CF287D05AC0001B884 /* Wind.swift in Sources */,
				6DFD1703287D5B550001B884 /* HourForecastCollectionViewCell.swift in Sources */,
				6DFD1664287B21080001B884 /* WeatherCourseWork.xcdatamodeld in Sources */,
				6DFD16D7287D05AC0001B884 /* Direction.swift in Sources */,
				6DFD1708287E8BCC0001B884 /* CurrentCondition.swift in Sources */,
				6DFD16FE287D347D0001B884 /* UIViewController+showError.swift in Sources */,
				6DFD16D4287D05AC0001B884 /* AirAndPollen.swift in Sources */,
				6DFD16E1287D096B0001B884 /* DailyForecastTableViewCell.swift in Sources */,
				6DF75808287E9DCD00C8E111 /* CurrentWindGust.swift in Sources */,
				6DFD165C287B21080001B884 /* SceneDelegate.swift in Sources */,
				6DFD169C287BDAAF0001B884 /* Location.swift in Sources */,
				6DFD16FC287D2ED50001B884 /* WindGust.swift in Sources */,
				6DFD16D8287D05AC0001B884 /* Temperature.swift in Sources */,
				6DFD1700287D5A320001B884 /* ForecastSummaryViewController+collectionView.swift in Sources */,
				6DF7580B287EA04500C8E111 /* CurrentWeatherViewController.swift in Sources */,
			);
			runOnlyForDeploymentPostprocessing = 0;
		};
		6DFD166B287B21090001B884 /* Sources */ = {
			isa = PBXSourcesBuildPhase;
			buildActionMask = 2147483647;
			files = (
				6DFD1674287B21090001B884 /* WeatherCourseWorkTests.swift in Sources */,
			);
			runOnlyForDeploymentPostprocessing = 0;
		};
/* End PBXSourcesBuildPhase section */

/* Begin PBXTargetDependency section */
		6DFD1671287B21090001B884 /* PBXTargetDependency */ = {
			isa = PBXTargetDependency;
			target = 6DFD1655287B21080001B884 /* WeatherCourseWork */;
			targetProxy = 6DFD1670287B21090001B884 /* PBXContainerItemProxy */;
		};
/* End PBXTargetDependency section */

/* Begin PBXVariantGroup section */
		6DFD165F287B21080001B884 /* Main.storyboard */ = {
			isa = PBXVariantGroup;
			children = (
				6DFD1660287B21080001B884 /* Base */,
			);
			name = Main.storyboard;
			sourceTree = "<group>";
		};
		6DFD1667287B21080001B884 /* LaunchScreen.storyboard */ = {
			isa = PBXVariantGroup;
			children = (
				6DFD1668287B21080001B884 /* Base */,
			);
			name = LaunchScreen.storyboard;
			sourceTree = "<group>";
		};
/* End PBXVariantGroup section */

/* Begin XCBuildConfiguration section */
		6DFD1681287B21090001B884 /* Debug */ = {
			isa = XCBuildConfiguration;
			buildSettings = {
				ALWAYS_SEARCH_USER_PATHS = NO;
				CLANG_ANALYZER_NONNULL = YES;
				CLANG_ANALYZER_NUMBER_OBJECT_CONVERSION = YES_AGGRESSIVE;
				CLANG_CXX_LANGUAGE_STANDARD = "gnu++17";
				CLANG_ENABLE_MODULES = YES;
				CLANG_ENABLE_OBJC_ARC = YES;
				CLANG_ENABLE_OBJC_WEAK = YES;
				CLANG_WARN_BLOCK_CAPTURE_AUTORELEASING = YES;
				CLANG_WARN_BOOL_CONVERSION = YES;
				CLANG_WARN_COMMA = YES;
				CLANG_WARN_CONSTANT_CONVERSION = YES;
				CLANG_WARN_DEPRECATED_OBJC_IMPLEMENTATIONS = YES;
				CLANG_WARN_DIRECT_OBJC_ISA_USAGE = YES_ERROR;
				CLANG_WARN_DOCUMENTATION_COMMENTS = YES;
				CLANG_WARN_EMPTY_BODY = YES;
				CLANG_WARN_ENUM_CONVERSION = YES;
				CLANG_WARN_INFINITE_RECURSION = YES;
				CLANG_WARN_INT_CONVERSION = YES;
				CLANG_WARN_NON_LITERAL_NULL_CONVERSION = YES;
				CLANG_WARN_OBJC_IMPLICIT_RETAIN_SELF = YES;
				CLANG_WARN_OBJC_LITERAL_CONVERSION = YES;
				CLANG_WARN_OBJC_ROOT_CLASS = YES_ERROR;
				CLANG_WARN_QUOTED_INCLUDE_IN_FRAMEWORK_HEADER = YES;
				CLANG_WARN_RANGE_LOOP_ANALYSIS = YES;
				CLANG_WARN_STRICT_PROTOTYPES = YES;
				CLANG_WARN_SUSPICIOUS_MOVE = YES;
				CLANG_WARN_UNGUARDED_AVAILABILITY = YES_AGGRESSIVE;
				CLANG_WARN_UNREACHABLE_CODE = YES;
				CLANG_WARN__DUPLICATE_METHOD_MATCH = YES;
				COPY_PHASE_STRIP = NO;
				DEBUG_INFORMATION_FORMAT = dwarf;
				ENABLE_STRICT_OBJC_MSGSEND = YES;
				ENABLE_TESTABILITY = YES;
				GCC_C_LANGUAGE_STANDARD = gnu11;
				GCC_DYNAMIC_NO_PIC = NO;
				GCC_NO_COMMON_BLOCKS = YES;
				GCC_OPTIMIZATION_LEVEL = 0;
				GCC_PREPROCESSOR_DEFINITIONS = (
					"DEBUG=1",
					"$(inherited)",
				);
				GCC_WARN_64_TO_32_BIT_CONVERSION = YES;
				GCC_WARN_ABOUT_RETURN_TYPE = YES_ERROR;
				GCC_WARN_UNDECLARED_SELECTOR = YES;
				GCC_WARN_UNINITIALIZED_AUTOS = YES_AGGRESSIVE;
				GCC_WARN_UNUSED_FUNCTION = YES;
				GCC_WARN_UNUSED_VARIABLE = YES;
				IPHONEOS_DEPLOYMENT_TARGET = 13.0;
				MTL_ENABLE_DEBUG_INFO = INCLUDE_SOURCE;
				MTL_FAST_MATH = YES;
				ONLY_ACTIVE_ARCH = YES;
				SDKROOT = iphoneos;
				SWIFT_ACTIVE_COMPILATION_CONDITIONS = DEBUG;
				SWIFT_OPTIMIZATION_LEVEL = "-Onone";
			};
			name = Debug;
		};
		6DFD1682287B21090001B884 /* Release */ = {
			isa = XCBuildConfiguration;
			buildSettings = {
				ALWAYS_SEARCH_USER_PATHS = NO;
				CLANG_ANALYZER_NONNULL = YES;
				CLANG_ANALYZER_NUMBER_OBJECT_CONVERSION = YES_AGGRESSIVE;
				CLANG_CXX_LANGUAGE_STANDARD = "gnu++17";
				CLANG_ENABLE_MODULES = YES;
				CLANG_ENABLE_OBJC_ARC = YES;
				CLANG_ENABLE_OBJC_WEAK = YES;
				CLANG_WARN_BLOCK_CAPTURE_AUTORELEASING = YES;
				CLANG_WARN_BOOL_CONVERSION = YES;
				CLANG_WARN_COMMA = YES;
				CLANG_WARN_CONSTANT_CONVERSION = YES;
				CLANG_WARN_DEPRECATED_OBJC_IMPLEMENTATIONS = YES;
				CLANG_WARN_DIRECT_OBJC_ISA_USAGE = YES_ERROR;
				CLANG_WARN_DOCUMENTATION_COMMENTS = YES;
				CLANG_WARN_EMPTY_BODY = YES;
				CLANG_WARN_ENUM_CONVERSION = YES;
				CLANG_WARN_INFINITE_RECURSION = YES;
				CLANG_WARN_INT_CONVERSION = YES;
				CLANG_WARN_NON_LITERAL_NULL_CONVERSION = YES;
				CLANG_WARN_OBJC_IMPLICIT_RETAIN_SELF = YES;
				CLANG_WARN_OBJC_LITERAL_CONVERSION = YES;
				CLANG_WARN_OBJC_ROOT_CLASS = YES_ERROR;
				CLANG_WARN_QUOTED_INCLUDE_IN_FRAMEWORK_HEADER = YES;
				CLANG_WARN_RANGE_LOOP_ANALYSIS = YES;
				CLANG_WARN_STRICT_PROTOTYPES = YES;
				CLANG_WARN_SUSPICIOUS_MOVE = YES;
				CLANG_WARN_UNGUARDED_AVAILABILITY = YES_AGGRESSIVE;
				CLANG_WARN_UNREACHABLE_CODE = YES;
				CLANG_WARN__DUPLICATE_METHOD_MATCH = YES;
				COPY_PHASE_STRIP = NO;
				DEBUG_INFORMATION_FORMAT = "dwarf-with-dsym";
				ENABLE_NS_ASSERTIONS = NO;
				ENABLE_STRICT_OBJC_MSGSEND = YES;
				GCC_C_LANGUAGE_STANDARD = gnu11;
				GCC_NO_COMMON_BLOCKS = YES;
				GCC_WARN_64_TO_32_BIT_CONVERSION = YES;
				GCC_WARN_ABOUT_RETURN_TYPE = YES_ERROR;
				GCC_WARN_UNDECLARED_SELECTOR = YES;
				GCC_WARN_UNINITIALIZED_AUTOS = YES_AGGRESSIVE;
				GCC_WARN_UNUSED_FUNCTION = YES;
				GCC_WARN_UNUSED_VARIABLE = YES;
				IPHONEOS_DEPLOYMENT_TARGET = 13.0;
				MTL_ENABLE_DEBUG_INFO = NO;
				MTL_FAST_MATH = YES;
				SDKROOT = iphoneos;
				SWIFT_COMPILATION_MODE = wholemodule;
				SWIFT_OPTIMIZATION_LEVEL = "-O";
				VALIDATE_PRODUCT = YES;
			};
			name = Release;
		};
		6DFD1684287B21090001B884 /* Debug */ = {
			isa = XCBuildConfiguration;
			buildSettings = {
				ASSETCATALOG_COMPILER_APPICON_NAME = AppIcon;
				ASSETCATALOG_COMPILER_GLOBAL_ACCENT_COLOR_NAME = AccentColor;
				CODE_SIGN_STYLE = Automatic;
				CURRENT_PROJECT_VERSION = 1;
				DEVELOPMENT_TEAM = 3T976NF4W2;
				GENERATE_INFOPLIST_FILE = YES;
				INFOPLIST_FILE = WeatherCourseWork/Info.plist;
				INFOPLIST_KEY_UIApplicationSupportsIndirectInputEvents = YES;
				INFOPLIST_KEY_UILaunchStoryboardName = LaunchScreen;
				INFOPLIST_KEY_UIMainStoryboardFile = Main;
				INFOPLIST_KEY_UISupportedInterfaceOrientations_iPad = "UIInterfaceOrientationPortrait UIInterfaceOrientationPortraitUpsideDown UIInterfaceOrientationLandscapeLeft UIInterfaceOrientationLandscapeRight";
				INFOPLIST_KEY_UISupportedInterfaceOrientations_iPhone = "UIInterfaceOrientationPortrait UIInterfaceOrientationLandscapeLeft UIInterfaceOrientationLandscapeRight";
				IPHONEOS_DEPLOYMENT_TARGET = 13.0;
				LD_RUNPATH_SEARCH_PATHS = (
					"$(inherited)",
					"@executable_path/Frameworks",
				);
				MARKETING_VERSION = 1.0;
				PRODUCT_BUNDLE_IDENTIFIER = carwnSoft.WeatherCourseWork;
				PRODUCT_NAME = "$(TARGET_NAME)";
				SWIFT_EMIT_LOC_STRINGS = YES;
				SWIFT_VERSION = 5.0;
				TARGETED_DEVICE_FAMILY = "1,2";
			};
			name = Debug;
		};
		6DFD1685287B21090001B884 /* Release */ = {
			isa = XCBuildConfiguration;
			buildSettings = {
				ASSETCATALOG_COMPILER_APPICON_NAME = AppIcon;
				ASSETCATALOG_COMPILER_GLOBAL_ACCENT_COLOR_NAME = AccentColor;
				CODE_SIGN_STYLE = Automatic;
				CURRENT_PROJECT_VERSION = 1;
				DEVELOPMENT_TEAM = 3T976NF4W2;
				GENERATE_INFOPLIST_FILE = YES;
				INFOPLIST_FILE = WeatherCourseWork/Info.plist;
				INFOPLIST_KEY_UIApplicationSupportsIndirectInputEvents = YES;
				INFOPLIST_KEY_UILaunchStoryboardName = LaunchScreen;
				INFOPLIST_KEY_UIMainStoryboardFile = Main;
				INFOPLIST_KEY_UISupportedInterfaceOrientations_iPad = "UIInterfaceOrientationPortrait UIInterfaceOrientationPortraitUpsideDown UIInterfaceOrientationLandscapeLeft UIInterfaceOrientationLandscapeRight";
				INFOPLIST_KEY_UISupportedInterfaceOrientations_iPhone = "UIInterfaceOrientationPortrait UIInterfaceOrientationLandscapeLeft UIInterfaceOrientationLandscapeRight";
				IPHONEOS_DEPLOYMENT_TARGET = 13.0;
				LD_RUNPATH_SEARCH_PATHS = (
					"$(inherited)",
					"@executable_path/Frameworks",
				);
				MARKETING_VERSION = 1.0;
				PRODUCT_BUNDLE_IDENTIFIER = carwnSoft.WeatherCourseWork;
				PRODUCT_NAME = "$(TARGET_NAME)";
				SWIFT_EMIT_LOC_STRINGS = YES;
				SWIFT_VERSION = 5.0;
				TARGETED_DEVICE_FAMILY = "1,2";
			};
			name = Release;
		};
		6DFD1687287B21090001B884 /* Debug */ = {
			isa = XCBuildConfiguration;
			buildSettings = {
				ALWAYS_EMBED_SWIFT_STANDARD_LIBRARIES = YES;
				BUNDLE_LOADER = "$(TEST_HOST)";
				CODE_SIGN_STYLE = Automatic;
				CURRENT_PROJECT_VERSION = 1;
				DEVELOPMENT_TEAM = 3T976NF4W2;
				GENERATE_INFOPLIST_FILE = YES;
				IPHONEOS_DEPLOYMENT_TARGET = 15.4;
				MARKETING_VERSION = 1.0;
				PRODUCT_BUNDLE_IDENTIFIER = carwnSoft.WeatherCourseWorkTests;
				PRODUCT_NAME = "$(TARGET_NAME)";
				SWIFT_EMIT_LOC_STRINGS = NO;
				SWIFT_VERSION = 5.0;
				TARGETED_DEVICE_FAMILY = "1,2";
				TEST_HOST = "$(BUILT_PRODUCTS_DIR)/WeatherCourseWork.app/WeatherCourseWork";
			};
			name = Debug;
		};
		6DFD1688287B21090001B884 /* Release */ = {
			isa = XCBuildConfiguration;
			buildSettings = {
				ALWAYS_EMBED_SWIFT_STANDARD_LIBRARIES = YES;
				BUNDLE_LOADER = "$(TEST_HOST)";
				CODE_SIGN_STYLE = Automatic;
				CURRENT_PROJECT_VERSION = 1;
				DEVELOPMENT_TEAM = 3T976NF4W2;
				GENERATE_INFOPLIST_FILE = YES;
				IPHONEOS_DEPLOYMENT_TARGET = 15.4;
				MARKETING_VERSION = 1.0;
				PRODUCT_BUNDLE_IDENTIFIER = carwnSoft.WeatherCourseWorkTests;
				PRODUCT_NAME = "$(TARGET_NAME)";
				SWIFT_EMIT_LOC_STRINGS = NO;
				SWIFT_VERSION = 5.0;
				TARGETED_DEVICE_FAMILY = "1,2";
				TEST_HOST = "$(BUILT_PRODUCTS_DIR)/WeatherCourseWork.app/WeatherCourseWork";
			};
			name = Release;
		};
/* End XCBuildConfiguration section */

/* Begin XCConfigurationList section */
		6DFD1651287B21080001B884 /* Build configuration list for PBXProject "WeatherCourseWork" */ = {
			isa = XCConfigurationList;
			buildConfigurations = (
				6DFD1681287B21090001B884 /* Debug */,
				6DFD1682287B21090001B884 /* Release */,
			);
			defaultConfigurationIsVisible = 0;
			defaultConfigurationName = Release;
		};
		6DFD1683287B21090001B884 /* Build configuration list for PBXNativeTarget "WeatherCourseWork" */ = {
			isa = XCConfigurationList;
			buildConfigurations = (
				6DFD1684287B21090001B884 /* Debug */,
				6DFD1685287B21090001B884 /* Release */,
			);
			defaultConfigurationIsVisible = 0;
			defaultConfigurationName = Release;
		};
		6DFD1686287B21090001B884 /* Build configuration list for PBXNativeTarget "WeatherCourseWorkTests" */ = {
			isa = XCConfigurationList;
			buildConfigurations = (
				6DFD1687287B21090001B884 /* Debug */,
				6DFD1688287B21090001B884 /* Release */,
			);
			defaultConfigurationIsVisible = 0;
			defaultConfigurationName = Release;
		};
/* End XCConfigurationList section */

/* Begin XCVersionGroup section */
		6DFD1662287B21080001B884 /* WeatherCourseWork.xcdatamodeld */ = {
			isa = XCVersionGroup;
			children = (
				6DFD1663287B21080001B884 /* WeatherCourseWork.xcdatamodel */,
			);
			currentVersion = 6DFD1663287B21080001B884 /* WeatherCourseWork.xcdatamodel */;
			path = WeatherCourseWork.xcdatamodeld;
			sourceTree = "<group>";
			versionGroupType = wrapper.xcdatamodel;
		};
/* End XCVersionGroup section */
	};
	rootObject = 6DFD164E287B21080001B884 /* Project object */;
}
